{
  "name": "pathnod",
  "version": "0.1.0",
  "lockfileVersion": 3,
  "requires": true,
  "packages": {
    "": {
      "name": "pathnod",
      "version": "0.1.0",
      "license": "Apache-2.0",
      "workspaces": [
        "apps/dashboard",
        "packages/circuits",
        "packages/verifier"
      ],
      "engines": {
        "node": "24.21.0",
        "npm": "11.19.0"
      }
    },
    "apps/dashboard": {
      "name": "@pathnod/dashboard",
      "version": "0.1.0",
      "license": "Apache-2.0"
    },
    "node_modules/@pathnod/circuits": {
      "resolved": "packages/circuits",
      "link": true
    },
    "node_modules/@pathnod/dashboard": {
      "resolved": "apps/dashboard",
      "link": true
    },
    "node_modules/@pathnod/verifier": {
      "resolved": "packages/verifier",
      "link": true
    },
    "packages/circuits": {
      "name": "@pathnod/circuits",
      "version": "0.1.0",
      "license": "Apache-2.0"
    },
    "packages/verifier": {
      "name": "@pathnod/verifier",
      "version": "0.1.0",
      "license": "Apache-2.0"
    }
  }
}
